
Microsoft Visual Studio Solution File, Format Version 12.00
# Visual Studio 15
VisualStudioVersion = 15.0.27130.2027
MinimumVisualStudioVersion = 10.0.40219.1
Project("{FAE04EC0-301F-11D3-BF4B-00C04F79EFBC}") = "ProjectStudioApi", "ProjectStudioApi\ProjectStudioApi.csproj", "{74E162E2-3FB3-4F77-B9E1-9A818BE9077B}"
EndProject
Global
	GlobalSection(SolutionConfigurationPlatforms) = preSolution
		Debug|Any CPU = Debug|Any CPU
		Release|Any CPU = Release|Any CPU
	EndGlobalSection
	GlobalSection(ProjectConfigurationPlatforms) = postSolution
		{74E162E2-3FB3-4F77-B9E1-9A818BE9077B}.Debug|Any CPU.ActiveCfg = Debug|Any CPU
		{74E162E2-3FB3-4F77-B9E1-9A818BE9077B}.Debug|Any CPU.Build.0 = Debug|Any CPU
		{74E162E2-3FB3-4F77-B9E1-9A818BE9077B}.Release|Any CPU.ActiveCfg = Release|Any CPU
		{74E162E2-3FB3-4F77-B9E1-9A818BE9077B}.Release|Any CPU.Build.0 = Release|Any CPU
	EndGlobalSection
	GlobalSection(SolutionProperties) = preSolution
		HideSolutionNode = FALSE
	EndGlobalSection
	GlobalSection(ExtensibilityGlobals) = postSolution
		SolutionGuid = {92D33FFB-36A0-4F9E-B2D5-05AF36048540}
	EndGlobalSection
EndGlobal
